
Microsoft Visual Studio Solution File, Format Version 12.00
# Visual Studio Version 17
VisualStudioVersion = 17.9.34607.119
MinimumVisualStudioVersion = 10.0.40219.1
Project("{8BC9CEB8-8B4A-11D0-8D11-00A0C91BC942}") = "CircularQueuesArray_0194", "CircularQueuesArray_0194\CircularQueuesArray_0194.vcxproj", "{CED8D36A-4CCD-4B12-A589-E6DA28F38B05}"
EndProject
Global
	GlobalSection(SolutionConfigurationPlatforms) = preSolution
		Debug|x64 = Debug|x64
		Debug|x86 = Debug|x86
		Release|x64 = Release|x64
		Release|x86 = Release|x86
	EndGlobalSection
	GlobalSection(ProjectConfigurationPlatforms) = postSolution
		{CED8D36A-4CCD-4B12-A589-E6DA28F38B05}.Debug|x64.ActiveCfg = Debug|x64
		{CED8D36A-4CCD-4B12-A589-E6DA28F38B05}.Debug|x64.Build.0 = Debug|x64
		{CED8D36A-4CCD-4B12-A589-E6DA28F38B05}.Debug|x86.ActiveCfg = Debug|Win32
		{CED8D36A-4CCD-4B12-A589-E6DA28F38B05}.Debug|x86.Build.0 = Debug|Win32
		{CED8D36A-4CCD-4B12-A589-E6DA28F38B05}.Release|x64.ActiveCfg = Release|x64
		{CED8D36A-4CCD-4B12-A589-E6DA28F38B05}.Release|x64.Build.0 = Release|x64
		{CED8D36A-4CCD-4B12-A589-E6DA28F38B05}.Release|x86.ActiveCfg = Release|Win32
		{CED8D36A-4CCD-4B12-A589-E6DA28F38B05}.Release|x86.Build.0 = Release|Win32
	EndGlobalSection
	GlobalSection(SolutionProperties) = preSolution
		HideSolutionNode = FALSE
	EndGlobalSection
	GlobalSection(ExtensibilityGlobals) = postSolution
		SolutionGuid = {CE367E91-79CB-43D9-92A7-DD4273E187B0}
	EndGlobalSection
EndGlobal
